
Microsoft Visual Studio Solution File, Format Version 12.00
# Visual Studio Version 17
VisualStudioVersion = 17.4.33213.308
MinimumVisualStudioVersion = 10.0.40219.1
Project("{FAE04EC0-301F-11D3-BF4B-00C04F79EFBC}") = "Feb2023", "Feb2023\Feb2023.csproj", "{ACE7CAE9-1BA4-45B6-907F-CCB2EA03C0AE}"
EndProject
Global
	GlobalSection(SolutionConfigurationPlatforms) = preSolution
		Debug|Any CPU = Debug|Any CPU
		Release|Any CPU = Release|Any CPU
	EndGlobalSection
	GlobalSection(ProjectConfigurationPlatforms) = postSolution
		{ACE7CAE9-1BA4-45B6-907F-CCB2EA03C0AE}.Debug|Any CPU.ActiveCfg = Debug|Any CPU
		{ACE7CAE9-1BA4-45B6-907F-CCB2EA03C0AE}.Debug|Any CPU.Build.0 = Debug|Any CPU
		{ACE7CAE9-1BA4-45B6-907F-CCB2EA03C0AE}.Release|Any CPU.ActiveCfg = Release|Any CPU
		{ACE7CAE9-1BA4-45B6-907F-CCB2EA03C0AE}.Release|Any CPU.Build.0 = Release|Any CPU
	EndGlobalSection
	GlobalSection(SolutionProperties) = preSolution
		HideSolutionNode = FALSE
	EndGlobalSection
	GlobalSection(ExtensibilityGlobals) = postSolution
		SolutionGuid = {2CE1FF9B-1BBA-4099-803C-796613EFDA5C}
	EndGlobalSection
EndGlobal
